{
  "requires": true,
  "lockfileVersion": 1,
  "dependencies": {
    "ngx-toastr": {
      "version": "13.2.0",
      "resolved": "https://registry.npmjs.org/ngx-toastr/-/ngx-toastr-13.2.0.tgz",
      "integrity": "sha512-XU+wACX5hxwOJ4BtPMAUExQmYbjfvH3C/R4vcC9QK/dX2Zw+2w9tS9m4W6TUFyR92xZ/tGLBtsqRdrDRn3fJCw==",
      "requires": {
        "tslib": "^2.0.0"
      }
    },
    "tslib": {
      "version": "2.1.0",
      "resolved": "https://registry.npmjs.org/tslib/-/tslib-2.1.0.tgz",
      "integrity": "sha512-hcVC3wYEziELGGmEEXue7D75zbwIIVUMWAVbHItGPx0ziyXxrOMQx4rQEVEV45Ut/1IotuEvwqPopzIOkDMf0A=="
    }
  }
}
